{
  "version": 4,
  "terraform_version": "1.6.3",
  "serial": 72,
  "lineage": "ebe9f6aa-feca-107f-a56f-0c1f0be1eda5",
  "outputs": {},
  "resources": [
    {
      "mode": "data",
      "type": "azurerm_client_config",
      "name": "current",
      "provider": "provider[\"registry.terraform.io/hashicorp/azurerm\"]",
      "instances": [
        {
          "schema_version": 0,
          "attributes": {
            "client_id": "04b07795-8ddb-461a-bbee-02f9e1bf7b46",
            "id": "Y2xpZW50Q29uZmlncy9jbGllbnRJZD0wNGIwNzc5NS04ZGRiLTQ2MWEtYmJlZS0wMmY5ZTFiZjdiNDY7b2JqZWN0SWQ9ODljZDU4ZTgtMmQ0OS00OTYzLTk2NjQtNmQzOTU4NzI3NDQ1O3N1YnNjcmlwdGlvbklkPWVhYzdkYmI3LWE3ZWMtNDViYy05OGRlLTkwMmIzNGEyZjQwNDt0ZW5hbnRJZD00YzQ3NWYyMi01YmJmLTQzYzYtODMzZC04MTBlOTMzNWFkZTQ=",
            "object_id": "89cd58e8-2d49-4963-9664-6d3958727445",
            "subscription_id": "eac7dbb7-a7ec-45bc-98de-902b34a2f404",
            "tenant_id": "4c475f22-5bbf-43c6-833d-810e9335ade4",
            "timeouts": null
          },
          "sensitive_attributes": []
        }
      ]
    },
    {
      "mode": "managed",
      "type": "azurerm_key_vault",
      "name": "kv",
      "provider": "provider[\"registry.terraform.io/hashicorp/azurerm\"]",
      "instances": [
        {
          "schema_version": 2,
          "attributes": {
            "access_policy": [
              {
                "application_id": "",
                "certificate_permissions": [],
                "key_permissions": [],
                "object_id": "a926f8d7-44c9-461b-9fb5-6c208a07b2b3",
                "secret_permissions": [
                  "Get",
                  "List"
                ],
                "storage_permissions": [],
                "tenant_id": "4c475f22-5bbf-43c6-833d-810e9335ade4"
              },
              {
                "application_id": "",
                "certificate_permissions": [],
                "key_permissions": [],
                "object_id": "89cd58e8-2d49-4963-9664-6d3958727445",
                "secret_permissions": [
                  "Get",
                  "List",
                  "Set",
                  "Delete",
                  "Purge"
                ],
                "storage_permissions": [],
                "tenant_id": "4c475f22-5bbf-43c6-833d-810e9335ade4"
              }
            ],
            "contact": [],
            "enable_rbac_authorization": false,
            "enabled_for_deployment": false,
            "enabled_for_disk_encryption": false,
            "enabled_for_template_deployment": false,
            "id": "/subscriptions/eac7dbb7-a7ec-45bc-98de-902b34a2f404/resourceGroups/jaydemo-rg/providers/Microsoft.KeyVault/vaults/jaydemo-kv",
            "location": "australiaeast",
            "name": "jaydemo-kv",
            "network_acls": [
              {
                "bypass": "AzureServices",
                "default_action": "Allow",
                "ip_rules": [],
                "virtual_network_subnet_ids": []
              }
            ],
            "public_network_access_enabled": true,
            "purge_protection_enabled": false,
            "resource_group_name": "jaydemo-rg",
            "sku_name": "standard",
            "soft_delete_retention_days": 7,
            "tags": {},
            "tenant_id": "4c475f22-5bbf-43c6-833d-810e9335ade4",
            "timeouts": null,
            "vault_uri": "https://jaydemo-kv.vault.azure.net/"
          },
          "sensitive_attributes": [],
          "private": "eyJlMmJmYjczMC1lY2FhLTExZTYtOGY4OC0zNDM2M2JjN2M0YzAiOnsiY3JlYXRlIjoxODAwMDAwMDAwMDAwLCJkZWxldGUiOjE4MDAwMDAwMDAwMDAsInJlYWQiOjMwMDAwMDAwMDAwMCwidXBkYXRlIjoxODAwMDAwMDAwMDAwfSwic2NoZW1hX3ZlcnNpb24iOiIyIn0=",
          "dependencies": [
            "azurerm_resource_group.rg",
            "data.azurerm_client_config.current"
          ]
        }
      ]
    },
    {
      "mode": "managed",
      "type": "azurerm_key_vault_secret",
      "name": "mysecret",
      "provider": "provider[\"registry.terraform.io/hashicorp/azurerm\"]",
      "instances": [
        {
          "schema_version": 0,
          "attributes": {
            "content_type": "",
            "expiration_date": null,
            "id": "https://jaydemo-kv.vault.azure.net/secrets/mysecret/86da5d37941d48928e973ca22066e8ad",
            "key_vault_id": "/subscriptions/eac7dbb7-a7ec-45bc-98de-902b34a2f404/resourceGroups/jaydemo-rg/providers/Microsoft.KeyVault/vaults/jaydemo-kv",
            "name": "mysecret",
            "not_before_date": null,
            "resource_id": "/subscriptions/eac7dbb7-a7ec-45bc-98de-902b34a2f404/resourceGroups/jaydemo-rg/providers/Microsoft.KeyVault/vaults/jaydemo-kv/secrets/mysecret/versions/86da5d37941d48928e973ca22066e8ad",
            "resource_versionless_id": "/subscriptions/eac7dbb7-a7ec-45bc-98de-902b34a2f404/resourceGroups/jaydemo-rg/providers/Microsoft.KeyVault/vaults/jaydemo-kv/secrets/mysecret",
            "tags": {},
            "timeouts": null,
            "value": "your-super-secret-value",
            "version": "86da5d37941d48928e973ca22066e8ad",
            "versionless_id": "https://jaydemo-kv.vault.azure.net/secrets/mysecret"
          },
          "sensitive_attributes": [],
          "private": "eyJlMmJmYjczMC1lY2FhLTExZTYtOGY4OC0zNDM2M2JjN2M0YzAiOnsiY3JlYXRlIjoxODAwMDAwMDAwMDAwLCJkZWxldGUiOjE4MDAwMDAwMDAwMDAsInJlYWQiOjE4MDAwMDAwMDAwMDAsInVwZGF0ZSI6MTgwMDAwMDAwMDAwMH19",
          "dependencies": [
            "azurerm_key_vault.kv",
            "azurerm_resource_group.rg",
            "data.azurerm_client_config.current"
          ]
        }
      ]
    },
    {
      "mode": "managed",
      "type": "azurerm_resource_group",
      "name": "rg",
      "provider": "provider[\"registry.terraform.io/hashicorp/azurerm\"]",
      "instances": [
        {
          "schema_version": 0,
          "attributes": {
            "id": "/subscriptions/eac7dbb7-a7ec-45bc-98de-902b34a2f404/resourceGroups/jaydemo-rg",
            "location": "australiaeast",
            "managed_by": "",
            "name": "jaydemo-rg",
            "tags": {},
            "timeouts": null
          },
          "sensitive_attributes": [],
          "private": "eyJlMmJmYjczMC1lY2FhLTExZTYtOGY4OC0zNDM2M2JjN2M0YzAiOnsiY3JlYXRlIjo1NDAwMDAwMDAwMDAwLCJkZWxldGUiOjU0MDAwMDAwMDAwMDAsInJlYWQiOjMwMDAwMDAwMDAwMCwidXBkYXRlIjo1NDAwMDAwMDAwMDAwfX0="
        }
      ]
    }
  ],
  "check_results": null
}
